
Microsoft Visual Studio Solution File, Format Version 12.00
# Visual Studio Version 17
VisualStudioVersion = 17.14.36414.22 d17.14
MinimumVisualStudioVersion = 10.0.40219.1
Project("{FAE04EC0-301F-11D3-BF4B-00C04F79EFBC}") = "Laboratorio17", "Laboratorio17\Laboratorio17.csproj", "{1A45BA42-5AFD-4580-BB96-DBE75230BFF4}"
EndProject
Global
	GlobalSection(SolutionConfigurationPlatforms) = preSolution
		Debug|Any CPU = Debug|Any CPU
		Release|Any CPU = Release|Any CPU
	EndGlobalSection
	GlobalSection(ProjectConfigurationPlatforms) = postSolution
		{1A45BA42-5AFD-4580-BB96-DBE75230BFF4}.Debug|Any CPU.ActiveCfg = Debug|Any CPU
		{1A45BA42-5AFD-4580-BB96-DBE75230BFF4}.Debug|Any CPU.Build.0 = Debug|Any CPU
		{1A45BA42-5AFD-4580-BB96-DBE75230BFF4}.Release|Any CPU.ActiveCfg = Release|Any CPU
		{1A45BA42-5AFD-4580-BB96-DBE75230BFF4}.Release|Any CPU.Build.0 = Release|Any CPU
	EndGlobalSection
	GlobalSection(SolutionProperties) = preSolution
		HideSolutionNode = FALSE
	EndGlobalSection
	GlobalSection(ExtensibilityGlobals) = postSolution
		SolutionGuid = {9215BB2D-2061-4D87-AD98-4C8CC4DEC6B7}
	EndGlobalSection
EndGlobal
