
Microsoft Visual Studio Solution File, Format Version 12.00
# Visual Studio Version 17
VisualStudioVersion = 17.14.36414.22 d17.14
MinimumVisualStudioVersion = 10.0.40219.1
Project("{FAE04EC0-301F-11D3-BF4B-00C04F79EFBC}") = "Laboratorio9", "Laboratorio9\Laboratorio9.csproj", "{6E585AF0-BAD1-4A8C-8980-9AE4C1E20D3E}"
EndProject
Global
	GlobalSection(SolutionConfigurationPlatforms) = preSolution
		Debug|Any CPU = Debug|Any CPU
		Release|Any CPU = Release|Any CPU
	EndGlobalSection
	GlobalSection(ProjectConfigurationPlatforms) = postSolution
		{6E585AF0-BAD1-4A8C-8980-9AE4C1E20D3E}.Debug|Any CPU.ActiveCfg = Debug|Any CPU
		{6E585AF0-BAD1-4A8C-8980-9AE4C1E20D3E}.Debug|Any CPU.Build.0 = Debug|Any CPU
		{6E585AF0-BAD1-4A8C-8980-9AE4C1E20D3E}.Release|Any CPU.ActiveCfg = Release|Any CPU
		{6E585AF0-BAD1-4A8C-8980-9AE4C1E20D3E}.Release|Any CPU.Build.0 = Release|Any CPU
	EndGlobalSection
	GlobalSection(SolutionProperties) = preSolution
		HideSolutionNode = FALSE
	EndGlobalSection
	GlobalSection(ExtensibilityGlobals) = postSolution
		SolutionGuid = {8ED32835-02A7-4DA6-9854-A265598717C5}
	EndGlobalSection
EndGlobal
