
Microsoft Visual Studio Solution File, Format Version 12.00
# Visual Studio Version 17
VisualStudioVersion = 17.14.36414.22 d17.14
MinimumVisualStudioVersion = 10.0.40219.1
Project("{FAE04EC0-301F-11D3-BF4B-00C04F79EFBC}") = "Laboratorio11", "Laboratorio11\Laboratorio11.csproj", "{721680BE-65F5-4D0E-8C8C-451DE14C8A61}"
EndProject
Global
	GlobalSection(SolutionConfigurationPlatforms) = preSolution
		Debug|Any CPU = Debug|Any CPU
		Release|Any CPU = Release|Any CPU
	EndGlobalSection
	GlobalSection(ProjectConfigurationPlatforms) = postSolution
		{721680BE-65F5-4D0E-8C8C-451DE14C8A61}.Debug|Any CPU.ActiveCfg = Debug|Any CPU
		{721680BE-65F5-4D0E-8C8C-451DE14C8A61}.Debug|Any CPU.Build.0 = Debug|Any CPU
		{721680BE-65F5-4D0E-8C8C-451DE14C8A61}.Release|Any CPU.ActiveCfg = Release|Any CPU
		{721680BE-65F5-4D0E-8C8C-451DE14C8A61}.Release|Any CPU.Build.0 = Release|Any CPU
	EndGlobalSection
	GlobalSection(SolutionProperties) = preSolution
		HideSolutionNode = FALSE
	EndGlobalSection
	GlobalSection(ExtensibilityGlobals) = postSolution
		SolutionGuid = {4B87DC33-C816-41EB-B826-097760BA91EB}
	EndGlobalSection
EndGlobal
