
Microsoft Visual Studio Solution File, Format Version 12.00
# Visual Studio Version 17
VisualStudioVersion = 17.14.36414.22 d17.14
MinimumVisualStudioVersion = 10.0.40219.1
Project("{FAE04EC0-301F-11D3-BF4B-00C04F79EFBC}") = "Laboratorio14", "Laboratorio14\Laboratorio14.csproj", "{DC3610AD-B34A-4880-861E-B0AABC090758}"
EndProject
Global
	GlobalSection(SolutionConfigurationPlatforms) = preSolution
		Debug|Any CPU = Debug|Any CPU
		Release|Any CPU = Release|Any CPU
	EndGlobalSection
	GlobalSection(ProjectConfigurationPlatforms) = postSolution
		{DC3610AD-B34A-4880-861E-B0AABC090758}.Debug|Any CPU.ActiveCfg = Debug|Any CPU
		{DC3610AD-B34A-4880-861E-B0AABC090758}.Debug|Any CPU.Build.0 = Debug|Any CPU
		{DC3610AD-B34A-4880-861E-B0AABC090758}.Release|Any CPU.ActiveCfg = Release|Any CPU
		{DC3610AD-B34A-4880-861E-B0AABC090758}.Release|Any CPU.Build.0 = Release|Any CPU
	EndGlobalSection
	GlobalSection(SolutionProperties) = preSolution
		HideSolutionNode = FALSE
	EndGlobalSection
	GlobalSection(ExtensibilityGlobals) = postSolution
		SolutionGuid = {34522E3F-3577-4C51-8D7D-5A22AD7B38CB}
	EndGlobalSection
EndGlobal
